
Microsoft Visual Studio Solution File, Format Version 12.00
# Visual Studio Version 16
VisualStudioVersion = 16.0.29728.190
MinimumVisualStudioVersion = 10.0.40219.1
Project("{FAE04EC0-301F-11D3-BF4B-00C04F79EFBC}") = "TodoApi", "TodoApi\TodoApi.csproj", "{C2C214B3-BE8D-4FF9-B5D7-86B37363865A}"
EndProject
Global
	GlobalSection(SolutionConfigurationPlatforms) = preSolution
		Debug|Any CPU = Debug|Any CPU
		Release|Any CPU = Release|Any CPU
	EndGlobalSection
	GlobalSection(ProjectConfigurationPlatforms) = postSolution
		{C2C214B3-BE8D-4FF9-B5D7-86B37363865A}.Debug|Any CPU.ActiveCfg = Debug|Any CPU
		{C2C214B3-BE8D-4FF9-B5D7-86B37363865A}.Debug|Any CPU.Build.0 = Debug|Any CPU
		{C2C214B3-BE8D-4FF9-B5D7-86B37363865A}.Release|Any CPU.ActiveCfg = Release|Any CPU
		{C2C214B3-BE8D-4FF9-B5D7-86B37363865A}.Release|Any CPU.Build.0 = Release|Any CPU
	EndGlobalSection
	GlobalSection(SolutionProperties) = preSolution
		HideSolutionNode = FALSE
	EndGlobalSection
	GlobalSection(ExtensibilityGlobals) = postSolution
		SolutionGuid = {4B4CFB8D-7185-4A26-A038-92F478F411EC}
	EndGlobalSection
EndGlobal
