
Microsoft Visual Studio Solution File, Format Version 12.00
# Visual Studio Version 16
VisualStudioVersion = 16.0.29728.190
MinimumVisualStudioVersion = 10.0.40219.1
Project("{9A19103F-16F7-4668-BE54-9A1E7A4F7556}") = "TodoApi", "TodoApi\TodoApi.csproj", "{C2C214B3-BE8D-4FF9-B5D7-86B37363865A}"
EndProject
Project("{FAE04EC0-301F-11D3-BF4B-00C04F79EFBC}") = "code_first_EF", "code_first_EF\code_first_EF.csproj", "{6BCDD052-E801-45CA-837E-BC4074CBFD55}"
EndProject
Project("{FAE04EC0-301F-11D3-BF4B-00C04F79EFBC}") = "code_first_EF_Console", "code_first_EF_Console\code_first_EF_Console.csproj", "{F62C0094-02B1-41C1-A1D3-551296D252C2}"
EndProject
Global
	GlobalSection(SolutionConfigurationPlatforms) = preSolution
		Debug|Any CPU = Debug|Any CPU
		Release|Any CPU = Release|Any CPU
	EndGlobalSection
	GlobalSection(ProjectConfigurationPlatforms) = postSolution
		{C2C214B3-BE8D-4FF9-B5D7-86B37363865A}.Debug|Any CPU.ActiveCfg = Debug|Any CPU
		{C2C214B3-BE8D-4FF9-B5D7-86B37363865A}.Debug|Any CPU.Build.0 = Debug|Any CPU
		{C2C214B3-BE8D-4FF9-B5D7-86B37363865A}.Release|Any CPU.ActiveCfg = Release|Any CPU
		{C2C214B3-BE8D-4FF9-B5D7-86B37363865A}.Release|Any CPU.Build.0 = Release|Any CPU
		{6BCDD052-E801-45CA-837E-BC4074CBFD55}.Debug|Any CPU.ActiveCfg = Debug|Any CPU
		{6BCDD052-E801-45CA-837E-BC4074CBFD55}.Debug|Any CPU.Build.0 = Debug|Any CPU
		{6BCDD052-E801-45CA-837E-BC4074CBFD55}.Release|Any CPU.ActiveCfg = Release|Any CPU
		{6BCDD052-E801-45CA-837E-BC4074CBFD55}.Release|Any CPU.Build.0 = Release|Any CPU
		{F62C0094-02B1-41C1-A1D3-551296D252C2}.Debug|Any CPU.ActiveCfg = Debug|Any CPU
		{F62C0094-02B1-41C1-A1D3-551296D252C2}.Debug|Any CPU.Build.0 = Debug|Any CPU
		{F62C0094-02B1-41C1-A1D3-551296D252C2}.Release|Any CPU.ActiveCfg = Release|Any CPU
		{F62C0094-02B1-41C1-A1D3-551296D252C2}.Release|Any CPU.Build.0 = Release|Any CPU
	EndGlobalSection
	GlobalSection(SolutionProperties) = preSolution
		HideSolutionNode = FALSE
	EndGlobalSection
	GlobalSection(ExtensibilityGlobals) = postSolution
		SolutionGuid = {4B4CFB8D-7185-4A26-A038-92F478F411EC}
	EndGlobalSection
EndGlobal
